{
  "name": "boardgame.io-angular",
  "version": "0.0.1",
  "lockfileVersion": 1,
  "dependencies": {
    "@types/node": {
      "version": "10.5.1",
      "resolved": "https://registry.npmjs.org/@types/node/-/node-10.5.1.tgz",
      "integrity": "sha512-AFLl1IALIuyt6oK4AYZsgWVJ/5rnyzQWud7IebaZWWV3YmgtPZkQmYio9R5Ze/2pdd7XfqF5bP+hWS11mAKoOQ==",
      "dev": true
    },
    "@types/react": {
      "version": "16.4.6",
      "resolved": "https://registry.npmjs.org/@types/react/-/react-16.4.6.tgz",
      "integrity": "sha512-9LDZdhsuKSc+DjY65SjBkA958oBWcTWSVWAd2cD9XqKBjhGw1KzAkRhWRw2eIsXvaIE/TOTjjKMFVC+JA1iU4g==",
      "dev": true
    },
    "@types/react-dom": {
      "version": "16.0.6",
      "resolved": "https://registry.npmjs.org/@types/react-dom/-/react-dom-16.0.6.tgz",
      "integrity": "sha512-M+1zmwa5KxUpkCuxA4whlDJKYTGNvNQW4pIoCLH16xGbClicD9CzPry4y94kTjCCk/bJZCZ/GVqUsP7eKcO/mQ==",
      "dev": true
    },
    "@types/uuid": {
      "version": "3.4.3",
      "resolved": "https://registry.npmjs.org/@types/uuid/-/uuid-3.4.3.tgz",
      "integrity": "sha512-5fRLCYhLtDb3hMWqQyH10qtF+Ud2JnNCXTCZ+9ktNdCcgslcuXkDTkFcJNk++MT29yDntDnlF1+jD+uVGumsbw==",
      "dev": true
    },
    "csstype": {
      "version": "2.5.5",
      "resolved": "https://registry.npmjs.org/csstype/-/csstype-2.5.5.tgz",
      "integrity": "sha512-EGMjeoiN3aqEX5u/cyH5mSdGBDGdLcCQvcEcBWNGFSPXKd9uOTIeVG91YQ22OxI44DKpvI+4C7VUSmEpsHWJaA==",
      "dev": true
    }
  }
}
